
Microsoft Visual Studio Solution File, Format Version 12.00
# Visual Studio 15
VisualStudioVersion = 15.0.28307.168
MinimumVisualStudioVersion = 10.0.40219.1
Project("{9A19103F-16F7-4668-BE54-9A1E7A4F7556}") = "CowRation.API", "CowRation.API.csproj", "{4EAFB250-D8BE-4BE1-A46A-1C050783BE7D}"
EndProject
Global
	GlobalSection(SolutionConfigurationPlatforms) = preSolution
		Debug|Any CPU = Debug|Any CPU
		Release|Any CPU = Release|Any CPU
	EndGlobalSection
	GlobalSection(ProjectConfigurationPlatforms) = postSolution
		{4EAFB250-D8BE-4BE1-A46A-1C050783BE7D}.Debug|Any CPU.ActiveCfg = Debug|Any CPU
		{4EAFB250-D8BE-4BE1-A46A-1C050783BE7D}.Debug|Any CPU.Build.0 = Debug|Any CPU
		{4EAFB250-D8BE-4BE1-A46A-1C050783BE7D}.Release|Any CPU.ActiveCfg = Release|Any CPU
		{4EAFB250-D8BE-4BE1-A46A-1C050783BE7D}.Release|Any CPU.Build.0 = Release|Any CPU
	EndGlobalSection
	GlobalSection(SolutionProperties) = preSolution
		HideSolutionNode = FALSE
	EndGlobalSection
	GlobalSection(ExtensibilityGlobals) = postSolution
		SolutionGuid = {FF1F7EA9-6CCF-4F51-B923-0ADD50385A54}
	EndGlobalSection
EndGlobal
